
Microsoft Visual Studio Solution File, Format Version 12.00
# Visual Studio Version 17
VisualStudioVersion = 17.6.33815.320
MinimumVisualStudioVersion = 10.0.40219.1
Project("{FAE04EC0-301F-11D3-BF4B-00C04F79EFBC}") = "Algo-Rhythoms", "Algo-Rhythoms\Algo-Rhythoms.csproj", "{5A12A930-8E17-4603-B054-08C181DFB049}"
EndProject
Global
	GlobalSection(SolutionConfigurationPlatforms) = preSolution
		Debug|Any CPU = Debug|Any CPU
		Release|Any CPU = Release|Any CPU
	EndGlobalSection
	GlobalSection(ProjectConfigurationPlatforms) = postSolution
		{5A12A930-8E17-4603-B054-08C181DFB049}.Debug|Any CPU.ActiveCfg = Debug|Any CPU
		{5A12A930-8E17-4603-B054-08C181DFB049}.Debug|Any CPU.Build.0 = Debug|Any CPU
		{5A12A930-8E17-4603-B054-08C181DFB049}.Release|Any CPU.ActiveCfg = Release|Any CPU
		{5A12A930-8E17-4603-B054-08C181DFB049}.Release|Any CPU.Build.0 = Release|Any CPU
	EndGlobalSection
	GlobalSection(SolutionProperties) = preSolution
		HideSolutionNode = FALSE
	EndGlobalSection
	GlobalSection(ExtensibilityGlobals) = postSolution
		SolutionGuid = {5ACF5B53-1C9B-48A2-AF70-6D6DDD217E77}
	EndGlobalSection
EndGlobal
